// !$*UTF8*$!
{
	archiveVersion = 1;
	classes = {
	};
	objectVersion = 51;
	objects = {

/* Begin PBXBuildFile section */
		1C70939E26B1B96700280485 /* HomeViewController.storyboard in Resources */ = {isa = PBXBuildFile; fileRef = 1C70939D26B1B96700280485 /* HomeViewController.storyboard */; };
		1C7093A026B1BA1F00280485 /* HomeViewController.swift in Sources */ = {isa = PBXBuildFile; fileRef = 1C70939F26B1BA1F00280485 /* HomeViewController.swift */; };
		1C7093A226B1C24900280485 /* DataService.swift in Sources */ = {isa = PBXBuildFile; fileRef = 1C7093A126B1C24900280485 /* DataService.swift */; };
		1C7093A526B1E29400280485 /* HomeViewModel.swift in Sources */ = {isa = PBXBuildFile; fileRef = 1C7093A426B1E29400280485 /* HomeViewModel.swift */; };
		1C7093A726B1E7C100280485 /* UIViewControllerExtension.swift in Sources */ = {isa = PBXBuildFile; fileRef = 1C7093A626B1E7C100280485 /* UIViewControllerExtension.swift */; };
		1CE0A12726AF956E00FF1864 /* AppDelegate.swift in Sources */ = {isa = PBXBuildFile; fileRef = 1CE0A12626AF956E00FF1864 /* AppDelegate.swift */; };
		1CE0A12926AF956E00FF1864 /* SceneDelegate.swift in Sources */ = {isa = PBXBuildFile; fileRef = 1CE0A12826AF956E00FF1864 /* SceneDelegate.swift */; };
		1CE0A12B26AF956E00FF1864 /* ViewController.swift in Sources */ = {isa = PBXBuildFile; fileRef = 1CE0A12A26AF956E00FF1864 /* ViewController.swift */; };
		1CE0A12E26AF956E00FF1864 /* Main.storyboard in Resources */ = {isa = PBXBuildFile; fileRef = 1CE0A12C26AF956E00FF1864 /* Main.storyboard */; };
		1CE0A13126AF956E00FF1864 /* LoginDemoWithMVVM.xcdatamodeld in Sources */ = {isa = PBXBuildFile; fileRef = 1CE0A12F26AF956E00FF1864 /* LoginDemoWithMVVM.xcdatamodeld */; };
		1CE0A13326AF957000FF1864 /* Assets.xcassets in Resources */ = {isa = PBXBuildFile; fileRef = 1CE0A13226AF957000FF1864 /* Assets.xcassets */; };
		1CE0A13626AF957000FF1864 /* LaunchScreen.storyboard in Resources */ = {isa = PBXBuildFile; fileRef = 1CE0A13426AF957000FF1864 /* LaunchScreen.storyboard */; };
		1CE0A14326AFA18F00FF1864 /* UIViewExtension.swift in Sources */ = {isa = PBXBuildFile; fileRef = 1CE0A14226AFA18F00FF1864 /* UIViewExtension.swift */; };
		1CE0A14626AFBBCD00FF1864 /* LoginViewMdel.swift in Sources */ = {isa = PBXBuildFile; fileRef = 1CE0A14526AFBBCD00FF1864 /* LoginViewMdel.swift */; };
		1CE0A14826AFBBEC00FF1864 /* LoginModel.swift in Sources */ = {isa = PBXBuildFile; fileRef = 1CE0A14726AFBBEC00FF1864 /* LoginModel.swift */; };
		E471E9B8F2A8762C1990147B /* Pods_LoginDemoWithMVVM.framework in Frameworks */ = {isa = PBXBuildFile; fileRef = AD6B2276A307FE4F799763B0 /* Pods_LoginDemoWithMVVM.framework */; };
/* End PBXBuildFile section */

/* Begin PBXFileReference section */
		1C70939D26B1B96700280485 /* HomeViewController.storyboard */ = {isa = PBXFileReference; lastKnownFileType = file.storyboard; path = HomeViewController.storyboard; sourceTree = "<group>"; };
		1C70939F26B1BA1F00280485 /* HomeViewController.swift */ = {isa = PBXFileReference; lastKnownFileType = sourcecode.swift; path = HomeViewController.swift; sourceTree = "<group>"; };
		1C7093A126B1C24900280485 /* DataService.swift */ = {isa = PBXFileReference; lastKnownFileType = sourcecode.swift; path = DataService.swift; sourceTree = "<group>"; };
		1C7093A426B1E29400280485 /* HomeViewModel.swift */ = {isa = PBXFileReference; lastKnownFileType = sourcecode.swift; path = HomeViewModel.swift; sourceTree = "<group>"; };
		1C7093A626B1E7C100280485 /* UIViewControllerExtension.swift */ = {isa = PBXFileReference; lastKnownFileType = sourcecode.swift; path = UIViewControllerExtension.swift; sourceTree = "<group>"; };
		1CE0A12326AF956E00FF1864 /* LoginDemoWithMVVM.app */ = {isa = PBXFileReference; explicitFileType = wrapper.application; includeInIndex = 0; path = LoginDemoWithMVVM.app; sourceTree = BUILT_PRODUCTS_DIR; };
		1CE0A12626AF956E00FF1864 /* AppDelegate.swift */ = {isa = PBXFileReference; lastKnownFileType = sourcecode.swift; path = AppDelegate.swift; sourceTree = "<group>"; };
		1CE0A12826AF956E00FF1864 /* SceneDelegate.swift */ = {isa = PBXFileReference; lastKnownFileType = sourcecode.swift; path = SceneDelegate.swift; sourceTree = "<group>"; };
		1CE0A12A26AF956E00FF1864 /* ViewController.swift */ = {isa = PBXFileReference; lastKnownFileType = sourcecode.swift; path = ViewController.swift; sourceTree = "<group>"; };
		1CE0A12D26AF956E00FF1864 /* Base */ = {isa = PBXFileReference; lastKnownFileType = file.storyboard; name = Base; path = Base.lproj/Main.storyboard; sourceTree = "<group>"; };
		1CE0A13026AF956E00FF1864 /* LoginDemoWithMVVM.xcdatamodel */ = {isa = PBXFileReference; lastKnownFileType = wrapper.xcdatamodel; path = LoginDemoWithMVVM.xcdatamodel; sourceTree = "<group>"; };
		1CE0A13226AF957000FF1864 /* Assets.xcassets */ = {isa = PBXFileReference; lastKnownFileType = folder.assetcatalog; path = Assets.xcassets; sourceTree = "<group>"; };
		1CE0A13526AF957000FF1864 /* Base */ = {isa = PBXFileReference; lastKnownFileType = file.storyboard; name = Base; path = Base.lproj/LaunchScreen.storyboard; sourceTree = "<group>"; };
		1CE0A13726AF957000FF1864 /* Info.plist */ = {isa = PBXFileReference; lastKnownFileType = text.plist.xml; path = Info.plist; sourceTree = "<group>"; };
		1CE0A14226AFA18F00FF1864 /* UIViewExtension.swift */ = {isa = PBXFileReference; lastKnownFileType = sourcecode.swift; path = UIViewExtension.swift; sourceTree = "<group>"; };
		1CE0A14526AFBBCD00FF1864 /* LoginViewMdel.swift */ = {isa = PBXFileReference; lastKnownFileType = sourcecode.swift; path = LoginViewMdel.swift; sourceTree = "<group>"; };
		1CE0A14726AFBBEC00FF1864 /* LoginModel.swift */ = {isa = PBXFileReference; lastKnownFileType = sourcecode.swift; path = LoginModel.swift; sourceTree = "<group>"; };
		7226111E35A64FBA9E749054 /* Pods-LoginDemoWithMVVM.release.xcconfig */ = {isa = PBXFileReference; includeInIndex = 1; lastKnownFileType = text.xcconfig; name = "Pods-LoginDemoWithMVVM.release.xcconfig"; path = "Target Support Files/Pods-LoginDemoWithMVVM/Pods-LoginDemoWithMVVM.release.xcconfig"; sourceTree = "<group>"; };
		AD6B2276A307FE4F799763B0 /* Pods_LoginDemoWithMVVM.framework */ = {isa = PBXFileReference; explicitFileType = wrapper.framework; includeInIndex = 0; path = Pods_LoginDemoWithMVVM.framework; sourceTree = BUILT_PRODUCTS_DIR; };
		F565C60C442483EC7A0E6604 /* Pods-LoginDemoWithMVVM.debug.xcconfig */ = {isa = PBXFileReference; includeInIndex = 1; lastKnownFileType = text.xcconfig; name = "Pods-LoginDemoWithMVVM.debug.xcconfig"; path = "Target Support Files/Pods-LoginDemoWithMVVM/Pods-LoginDemoWithMVVM.debug.xcconfig"; sourceTree = "<group>"; };
/* End PBXFileReference section */

/* Begin PBXFrameworksBuildPhase section */
		1CE0A12026AF956E00FF1864 /* Frameworks */ = {
			isa = PBXFrameworksBuildPhase;
			buildActionMask = 2147483647;
			files = (
				E471E9B8F2A8762C1990147B /* Pods_LoginDemoWithMVVM.framework in Frameworks */,
			);
			runOnlyForDeploymentPostprocessing = 0;
		};
/* End PBXFrameworksBuildPhase section */

/* Begin PBXGroup section */
		1C70939A26B1B78E00280485 /* Model */ = {
			isa = PBXGroup;
			children = (
			);
			path = Model;
			sourceTree = "<group>";
		};
		1C70939B26B1B7AA00280485 /* ViewModel */ = {
			isa = PBXGroup;
			children = (
				1C7093A426B1E29400280485 /* HomeViewModel.swift */,
			);
			path = ViewModel;
			sourceTree = "<group>";
		};
		1C70939C26B1B7C700280485 /* View */ = {
			isa = PBXGroup;
			children = (
				1C70939D26B1B96700280485 /* HomeViewController.storyboard */,
				1C70939F26B1BA1F00280485 /* HomeViewController.swift */,
			);
			path = View;
			sourceTree = "<group>";
		};
		1C7093A326B1DCC600280485 /* Services */ = {
			isa = PBXGroup;
			children = (
				1C7093A126B1C24900280485 /* DataService.swift */,
			);
			path = Services;
			sourceTree = "<group>";
		};
		1CE0A11A26AF956E00FF1864 = {
			isa = PBXGroup;
			children = (
				1CE0A12526AF956E00FF1864 /* LoginDemoWithMVVM */,
				1CE0A12426AF956E00FF1864 /* Products */,
				5D36F2272D9F33CE7AD416FE /* Pods */,
				31FF092931F750E2EFE15320 /* Frameworks */,
			);
			sourceTree = "<group>";
		};
		1CE0A12426AF956E00FF1864 /* Products */ = {
			isa = PBXGroup;
			children = (
				1CE0A12326AF956E00FF1864 /* LoginDemoWithMVVM.app */,
			);
			name = Products;
			sourceTree = "<group>";
		};
		1CE0A12526AF956E00FF1864 /* LoginDemoWithMVVM */ = {
			isa = PBXGroup;
			children = (
				1C7093A326B1DCC600280485 /* Services */,
				1CE0A14426AFA1A400FF1864 /* Extensions */,
				1CE0A14126AF99F000FF1864 /* Home */,
				1CE0A13D26AF961D00FF1864 /* Login */,
				1CE0A12626AF956E00FF1864 /* AppDelegate.swift */,
				1CE0A12826AF956E00FF1864 /* SceneDelegate.swift */,
				1CE0A13226AF957000FF1864 /* Assets.xcassets */,
				1CE0A13426AF957000FF1864 /* LaunchScreen.storyboard */,
				1CE0A13726AF957000FF1864 /* Info.plist */,
				1CE0A12F26AF956E00FF1864 /* LoginDemoWithMVVM.xcdatamodeld */,
			);
			path = LoginDemoWithMVVM;
			sourceTree = "<group>";
		};
		1CE0A13D26AF961D00FF1864 /* Login */ = {
			isa = PBXGroup;
			children = (
				1CE0A13F26AF973500FF1864 /* Model */,
				1CE0A14026AF973F00FF1864 /* ViewModel */,
				1CE0A13E26AF972800FF1864 /* View */,
			);
			path = Login;
			sourceTree = "<group>";
		};
		1CE0A13E26AF972800FF1864 /* View */ = {
			isa = PBXGroup;
			children = (
				1CE0A12A26AF956E00FF1864 /* ViewController.swift */,
				1CE0A12C26AF956E00FF1864 /* Main.storyboard */,
			);
			path = View;
			sourceTree = "<group>";
		};
		1CE0A13F26AF973500FF1864 /* Model */ = {
			isa = PBXGroup;
			children = (
				1CE0A14726AFBBEC00FF1864 /* LoginModel.swift */,
			);
			path = Model;
			sourceTree = "<group>";
		};
		1CE0A14026AF973F00FF1864 /* ViewModel */ = {
			isa = PBXGroup;
			children = (
				1CE0A14526AFBBCD00FF1864 /* LoginViewMdel.swift */,
			);
			path = ViewModel;
			sourceTree = "<group>";
		};
		1CE0A14126AF99F000FF1864 /* Home */ = {
			isa = PBXGroup;
			children = (
				1C70939A26B1B78E00280485 /* Model */,
				1C70939B26B1B7AA00280485 /* ViewModel */,
				1C70939C26B1B7C700280485 /* View */,
			);
			path = Home;
			sourceTree = "<group>";
		};
		1CE0A14426AFA1A400FF1864 /* Extensions */ = {
			isa = PBXGroup;
			children = (
				1CE0A14226AFA18F00FF1864 /* UIViewExtension.swift */,
				1C7093A626B1E7C100280485 /* UIViewControllerExtension.swift */,
			);
			path = Extensions;
			sourceTree = "<group>";
		};
		31FF092931F750E2EFE15320 /* Frameworks */ = {
			isa = PBXGroup;
			children = (
				AD6B2276A307FE4F799763B0 /* Pods_LoginDemoWithMVVM.framework */,
			);
			name = Frameworks;
			sourceTree = "<group>";
		};
		5D36F2272D9F33CE7AD416FE /* Pods */ = {
			isa = PBXGroup;
			children = (
				F565C60C442483EC7A0E6604 /* Pods-LoginDemoWithMVVM.debug.xcconfig */,
				7226111E35A64FBA9E749054 /* Pods-LoginDemoWithMVVM.release.xcconfig */,
			);
			path = Pods;
			sourceTree = "<group>";
		};
/* End PBXGroup section */

/* Begin PBXNativeTarget section */
		1CE0A12226AF956E00FF1864 /* LoginDemoWithMVVM */ = {
			isa = PBXNativeTarget;
			buildConfigurationList = 1CE0A13A26AF957000FF1864 /* Build configuration list for PBXNativeTarget "LoginDemoWithMVVM" */;
			buildPhases = (
				EF01E569CA55E003897796D4 /* [CP] Check Pods Manifest.lock */,
				1CE0A11F26AF956E00FF1864 /* Sources */,
				1CE0A12026AF956E00FF1864 /* Frameworks */,
				1CE0A12126AF956E00FF1864 /* Resources */,
				FA1F873A9CBBFA0ACBCE38B1 /* [CP] Embed Pods Frameworks */,
			);
			buildRules = (
			);
			dependencies = (
			);
			name = LoginDemoWithMVVM;
			productName = LoginDemoWithMVVM;
			productReference = 1CE0A12326AF956E00FF1864 /* LoginDemoWithMVVM.app */;
			productType = "com.apple.product-type.application";
		};
/* End PBXNativeTarget section */

/* Begin PBXProject section */
		1CE0A11B26AF956E00FF1864 /* Project object */ = {
			isa = PBXProject;
			attributes = {
				LastSwiftUpdateCheck = 1250;
				LastUpgradeCheck = 1250;
				TargetAttributes = {
					1CE0A12226AF956E00FF1864 = {
						CreatedOnToolsVersion = 12.5.1;
					};
				};
			};
			buildConfigurationList = 1CE0A11E26AF956E00FF1864 /* Build configuration list for PBXProject "LoginDemoWithMVVM" */;
			compatibilityVersion = "Xcode 9.3";
			developmentRegion = en;
			hasScannedForEncodings = 0;
			knownRegions = (
				en,
				Base,
			);
			mainGroup = 1CE0A11A26AF956E00FF1864;
			productRefGroup = 1CE0A12426AF956E00FF1864 /* Products */;
			projectDirPath = "";
			projectRoot = "";
			targets = (
				1CE0A12226AF956E00FF1864 /* LoginDemoWithMVVM */,
			);
		};
/* End PBXProject section */

/* Begin PBXResourcesBuildPhase section */
		1CE0A12126AF956E00FF1864 /* Resources */ = {
			isa = PBXResourcesBuildPhase;
			buildActionMask = 2147483647;
			files = (
				1C70939E26B1B96700280485 /* HomeViewController.storyboard in Resources */,
				1CE0A13626AF957000FF1864 /* LaunchScreen.storyboard in Resources */,
				1CE0A13326AF957000FF1864 /* Assets.xcassets in Resources */,
				1CE0A12E26AF956E00FF1864 /* Main.storyboard in Resources */,
			);
			runOnlyForDeploymentPostprocessing = 0;
		};
/* End PBXResourcesBuildPhase section */

/* Begin PBXShellScriptBuildPhase section */
		EF01E569CA55E003897796D4 /* [CP] Check Pods Manifest.lock */ = {
			isa = PBXShellScriptBuildPhase;
			buildActionMask = 2147483647;
			files = (
			);
			inputFileListPaths = (
			);
			inputPaths = (
				"${PODS_PODFILE_DIR_PATH}/Podfile.lock",
				"${PODS_ROOT}/Manifest.lock",
			);
			name = "[CP] Check Pods Manifest.lock";
			outputFileListPaths = (
			);
			outputPaths = (
				"$(DERIVED_FILE_DIR)/Pods-LoginDemoWithMVVM-checkManifestLockResult.txt",
			);
			runOnlyForDeploymentPostprocessing = 0;
			shellPath = /bin/sh;
			shellScript = "diff \"${PODS_PODFILE_DIR_PATH}/Podfile.lock\" \"${PODS_ROOT}/Manifest.lock\" > /dev/null\nif [ $? != 0 ] ; then\n    # print error to STDERR\n    echo \"error: The sandbox is not in sync with the Podfile.lock. Run 'pod install' or update your CocoaPods installation.\" >&2\n    exit 1\nfi\n# This output is used by Xcode 'outputs' to avoid re-running this script phase.\necho \"SUCCESS\" > \"${SCRIPT_OUTPUT_FILE_0}\"\n";
			showEnvVarsInLog = 0;
		};
		FA1F873A9CBBFA0ACBCE38B1 /* [CP] Embed Pods Frameworks */ = {
			isa = PBXShellScriptBuildPhase;
			buildActionMask = 2147483647;
			files = (
			);
			inputFileListPaths = (
				"${PODS_ROOT}/Target Support Files/Pods-LoginDemoWithMVVM/Pods-LoginDemoWithMVVM-frameworks-${CONFIGURATION}-input-files.xcfilelist",
			);
			name = "[CP] Embed Pods Frameworks";
			outputFileListPaths = (
				"${PODS_ROOT}/Target Support Files/Pods-LoginDemoWithMVVM/Pods-LoginDemoWithMVVM-frameworks-${CONFIGURATION}-output-files.xcfilelist",
			);
			runOnlyForDeploymentPostprocessing = 0;
			shellPath = /bin/sh;
			shellScript = "\"${PODS_ROOT}/Target Support Files/Pods-LoginDemoWithMVVM/Pods-LoginDemoWithMVVM-frameworks.sh\"\n";
			showEnvVarsInLog = 0;
		};
/* End PBXShellScriptBuildPhase section */

/* Begin PBXSourcesBuildPhase section */
		1CE0A11F26AF956E00FF1864 /* Sources */ = {
			isa = PBXSourcesBuildPhase;
			buildActionMask = 2147483647;
			files = (
				1C7093A226B1C24900280485 /* DataService.swift in Sources */,
				1CE0A12B26AF956E00FF1864 /* ViewController.swift in Sources */,
				1CE0A14826AFBBEC00FF1864 /* LoginModel.swift in Sources */,
				1C7093A526B1E29400280485 /* HomeViewModel.swift in Sources */,
				1CE0A12726AF956E00FF1864 /* AppDelegate.swift in Sources */,
				1C7093A026B1BA1F00280485 /* HomeViewController.swift in Sources */,
				1CE0A13126AF956E00FF1864 /* LoginDemoWithMVVM.xcdatamodeld in Sources */,
				1CE0A14326AFA18F00FF1864 /* UIViewExtension.swift in Sources */,
				1CE0A14626AFBBCD00FF1864 /* LoginViewMdel.swift in Sources */,
				1C7093A726B1E7C100280485 /* UIViewControllerExtension.swift in Sources */,
				1CE0A12926AF956E00FF1864 /* SceneDelegate.swift in Sources */,
			);
			runOnlyForDeploymentPostprocessing = 0;
		};
/* End PBXSourcesBuildPhase section */

/* Begin PBXVariantGroup section */
		1CE0A12C26AF956E00FF1864 /* Main.storyboard */ = {
			isa = PBXVariantGroup;
			children = (
				1CE0A12D26AF956E00FF1864 /* Base */,
			);
			name = Main.storyboard;
			sourceTree = "<group>";
		};
		1CE0A13426AF957000FF1864 /* LaunchScreen.storyboard */ = {
			isa = PBXVariantGroup;
			children = (
				1CE0A13526AF957000FF1864 /* Base */,
			);
			name = LaunchScreen.storyboard;
			sourceTree = "<group>";
		};
/* End PBXVariantGroup section */

/* Begin XCBuildConfiguration section */
		1CE0A13826AF957000FF1864 /* Debug */ = {
			isa = XCBuildConfiguration;
			buildSettings = {
				ALWAYS_SEARCH_USER_PATHS = NO;
				CLANG_ANALYZER_NONNULL = YES;
				CLANG_ANALYZER_NUMBER_OBJECT_CONVERSION = YES_AGGRESSIVE;
				CLANG_CXX_LANGUAGE_STANDARD = "gnu++14";
				CLANG_CXX_LIBRARY = "libc++";
				CLANG_ENABLE_MODULES = YES;
				CLANG_ENABLE_OBJC_ARC = YES;
				CLANG_ENABLE_OBJC_WEAK = YES;
				CLANG_WARN_BLOCK_CAPTURE_AUTORELEASING = YES;
				CLANG_WARN_BOOL_CONVERSION = YES;
				CLANG_WARN_COMMA = YES;
				CLANG_WARN_CONSTANT_CONVERSION = YES;
				CLANG_WARN_DEPRECATED_OBJC_IMPLEMENTATIONS = YES;
				CLANG_WARN_DIRECT_OBJC_ISA_USAGE = YES_ERROR;
				CLANG_WARN_DOCUMENTATION_COMMENTS = YES;
				CLANG_WARN_EMPTY_BODY = YES;
				CLANG_WARN_ENUM_CONVERSION = YES;
				CLANG_WARN_INFINITE_RECURSION = YES;
				CLANG_WARN_INT_CONVERSION = YES;
				CLANG_WARN_NON_LITERAL_NULL_CONVERSION = YES;
				CLANG_WARN_OBJC_IMPLICIT_RETAIN_SELF = YES;
				CLANG_WARN_OBJC_LITERAL_CONVERSION = YES;
				CLANG_WARN_OBJC_ROOT_CLASS = YES_ERROR;
				CLANG_WARN_QUOTED_INCLUDE_IN_FRAMEWORK_HEADER = YES;
				CLANG_WARN_RANGE_LOOP_ANALYSIS = YES;
				CLANG_WARN_STRICT_PROTOTYPES = YES;
				CLANG_WARN_SUSPICIOUS_MOVE = YES;
				CLANG_WARN_UNGUARDED_AVAILABILITY = YES_AGGRESSIVE;
				CLANG_WARN_UNREACHABLE_CODE = YES;
				CLANG_WARN__DUPLICATE_METHOD_MATCH = YES;
				COPY_PHASE_STRIP = NO;
				DEBUG_INFORMATION_FORMAT = dwarf;
				ENABLE_STRICT_OBJC_MSGSEND = YES;
				ENABLE_TESTABILITY = YES;
				GCC_C_LANGUAGE_STANDARD = gnu11;
				GCC_DYNAMIC_NO_PIC = NO;
				GCC_NO_COMMON_BLOCKS = YES;
				GCC_OPTIMIZATION_LEVEL = 0;
				GCC_PREPROCESSOR_DEFINITIONS = (
					"DEBUG=1",
					"$(inherited)",
				);
				GCC_WARN_64_TO_32_BIT_CONVERSION = YES;
				GCC_WARN_ABOUT_RETURN_TYPE = YES_ERROR;
				GCC_WARN_UNDECLARED_SELECTOR = YES;
				GCC_WARN_UNINITIALIZED_AUTOS = YES_AGGRESSIVE;
				GCC_WARN_UNUSED_FUNCTION = YES;
				GCC_WARN_UNUSED_VARIABLE = YES;
				IPHONEOS_DEPLOYMENT_TARGET = 14.5;
				MTL_ENABLE_DEBUG_INFO = INCLUDE_SOURCE;
				MTL_FAST_MATH = YES;
				ONLY_ACTIVE_ARCH = YES;
				SDKROOT = iphoneos;
				SWIFT_ACTIVE_COMPILATION_CONDITIONS = DEBUG;
				SWIFT_OPTIMIZATION_LEVEL = "-Onone";
			};
			name = Debug;
		};
		1CE0A13926AF957000FF1864 /* Release */ = {
			isa = XCBuildConfiguration;
			buildSettings = {
				ALWAYS_SEARCH_USER_PATHS = NO;
				CLANG_ANALYZER_NONNULL = YES;
				CLANG_ANALYZER_NUMBER_OBJECT_CONVERSION = YES_AGGRESSIVE;
				CLANG_CXX_LANGUAGE_STANDARD = "gnu++14";
				CLANG_CXX_LIBRARY = "libc++";
				CLANG_ENABLE_MODULES = YES;
				CLANG_ENABLE_OBJC_ARC = YES;
				CLANG_ENABLE_OBJC_WEAK = YES;
				CLANG_WARN_BLOCK_CAPTURE_AUTORELEASING = YES;
				CLANG_WARN_BOOL_CONVERSION = YES;
				CLANG_WARN_COMMA = YES;
				CLANG_WARN_CONSTANT_CONVERSION = YES;
				CLANG_WARN_DEPRECATED_OBJC_IMPLEMENTATIONS = YES;
				CLANG_WARN_DIRECT_OBJC_ISA_USAGE = YES_ERROR;
				CLANG_WARN_DOCUMENTATION_COMMENTS = YES;
				CLANG_WARN_EMPTY_BODY = YES;
				CLANG_WARN_ENUM_CONVERSION = YES;
				CLANG_WARN_INFINITE_RECURSION = YES;
				CLANG_WARN_INT_CONVERSION = YES;
				CLANG_WARN_NON_LITERAL_NULL_CONVERSION = YES;
				CLANG_WARN_OBJC_IMPLICIT_RETAIN_SELF = YES;
				CLANG_WARN_OBJC_LITERAL_CONVERSION = YES;
				CLANG_WARN_OBJC_ROOT_CLASS = YES_ERROR;
				CLANG_WARN_QUOTED_INCLUDE_IN_FRAMEWORK_HEADER = YES;
				CLANG_WARN_RANGE_LOOP_ANALYSIS = YES;
				CLANG_WARN_STRICT_PROTOTYPES = YES;
				CLANG_WARN_SUSPICIOUS_MOVE = YES;
				CLANG_WARN_UNGUARDED_AVAILABILITY = YES_AGGRESSIVE;
				CLANG_WARN_UNREACHABLE_CODE = YES;
				CLANG_WARN__DUPLICATE_METHOD_MATCH = YES;
				COPY_PHASE_STRIP = NO;
				DEBUG_INFORMATION_FORMAT = "dwarf-with-dsym";
				ENABLE_NS_ASSERTIONS = NO;
				ENABLE_STRICT_OBJC_MSGSEND = YES;
				GCC_C_LANGUAGE_STANDARD = gnu11;
				GCC_NO_COMMON_BLOCKS = YES;
				GCC_WARN_64_TO_32_BIT_CONVERSION = YES;
				GCC_WARN_ABOUT_RETURN_TYPE = YES_ERROR;
				GCC_WARN_UNDECLARED_SELECTOR = YES;
				GCC_WARN_UNINITIALIZED_AUTOS = YES_AGGRESSIVE;
				GCC_WARN_UNUSED_FUNCTION = YES;
				GCC_WARN_UNUSED_VARIABLE = YES;
				IPHONEOS_DEPLOYMENT_TARGET = 14.5;
				MTL_ENABLE_DEBUG_INFO = NO;
				MTL_FAST_MATH = YES;
				SDKROOT = iphoneos;
				SWIFT_COMPILATION_MODE = wholemodule;
				SWIFT_OPTIMIZATION_LEVEL = "-O";
				VALIDATE_PRODUCT = YES;
			};
			name = Release;
		};
		1CE0A13B26AF957000FF1864 /* Debug */ = {
			isa = XCBuildConfiguration;
			baseConfigurationReference = F565C60C442483EC7A0E6604 /* Pods-LoginDemoWithMVVM.debug.xcconfig */;
			buildSettings = {
				ASSETCATALOG_COMPILER_APPICON_NAME = AppIcon;
				ASSETCATALOG_COMPILER_GLOBAL_ACCENT_COLOR_NAME = AccentColor;
				CODE_SIGN_STYLE = Automatic;
				DEVELOPMENT_TEAM = 92769LFWQS;
				INFOPLIST_FILE = LoginDemoWithMVVM/Info.plist;
				LD_RUNPATH_SEARCH_PATHS = (
					"$(inherited)",
					"@executable_path/Frameworks",
				);
				PRODUCT_BUNDLE_IDENTIFIER = "Abeer-saber.LoginDemoWithMVVM";
				PRODUCT_NAME = "$(TARGET_NAME)";
				SWIFT_VERSION = 5.0;
				TARGETED_DEVICE_FAMILY = "1,2";
			};
			name = Debug;
		};
		1CE0A13C26AF957000FF1864 /* Release */ = {
			isa = XCBuildConfiguration;
			baseConfigurationReference = 7226111E35A64FBA9E749054 /* Pods-LoginDemoWithMVVM.release.xcconfig */;
			buildSettings = {
				ASSETCATALOG_COMPILER_APPICON_NAME = AppIcon;
				ASSETCATALOG_COMPILER_GLOBAL_ACCENT_COLOR_NAME = AccentColor;
				CODE_SIGN_STYLE = Automatic;
				DEVELOPMENT_TEAM = 92769LFWQS;
				INFOPLIST_FILE = LoginDemoWithMVVM/Info.plist;
				LD_RUNPATH_SEARCH_PATHS = (
					"$(inherited)",
					"@executable_path/Frameworks",
				);
				PRODUCT_BUNDLE_IDENTIFIER = "Abeer-saber.LoginDemoWithMVVM";
				PRODUCT_NAME = "$(TARGET_NAME)";
				SWIFT_VERSION = 5.0;
				TARGETED_DEVICE_FAMILY = "1,2";
			};
			name = Release;
		};
/* End XCBuildConfiguration section */

/* Begin XCConfigurationList section */
		1CE0A11E26AF956E00FF1864 /* Build configuration list for PBXProject "LoginDemoWithMVVM" */ = {
			isa = XCConfigurationList;
			buildConfigurations = (
				1CE0A13826AF957000FF1864 /* Debug */,
				1CE0A13926AF957000FF1864 /* Release */,
			);
			defaultConfigurationIsVisible = 0;
			defaultConfigurationName = Release;
		};
		1CE0A13A26AF957000FF1864 /* Build configuration list for PBXNativeTarget "LoginDemoWithMVVM" */ = {
			isa = XCConfigurationList;
			buildConfigurations = (
				1CE0A13B26AF957000FF1864 /* Debug */,
				1CE0A13C26AF957000FF1864 /* Release */,
			);
			defaultConfigurationIsVisible = 0;
			defaultConfigurationName = Release;
		};
/* End XCConfigurationList section */

/* Begin XCVersionGroup section */
		1CE0A12F26AF956E00FF1864 /* LoginDemoWithMVVM.xcdatamodeld */ = {
			isa = XCVersionGroup;
			children = (
				1CE0A13026AF956E00FF1864 /* LoginDemoWithMVVM.xcdatamodel */,
			);
			currentVersion = 1CE0A13026AF956E00FF1864 /* LoginDemoWithMVVM.xcdatamodel */;
			path = LoginDemoWithMVVM.xcdatamodeld;
			sourceTree = "<group>";
			versionGroupType = wrapper.xcdatamodel;
		};
/* End XCVersionGroup section */
	};
	rootObject = 1CE0A11B26AF956E00FF1864 /* Project object */;
}
